Microsoft Visual Studio Solution File, Format Version 12.00
# Visual Studio Version 17
VisualStudioVersion = 17.5.2.0
MinimumVisualStudioVersion = 10.0.40219.1
Project("{FAE04EC0-301F-11D3-BF4B-00C04F79EFBC}") = "DoneIt", "DoneIt.csproj", "{4610181E-22EB-8152-B131-284172343B58}"
EndProject
Global
	GlobalSection(SolutionConfigurationPlatforms) = preSolution
		Debug|Any CPU = Debug|Any CPU
		Release|Any CPU = Release|Any CPU
	EndGlobalSection
	GlobalSection(ProjectConfigurationPlatforms) = postSolution
		{4610181E-22EB-8152-B131-284172343B58}.Debug|Any CPU.ActiveCfg = Debug|Any CPU
		{4610181E-22EB-8152-B131-284172343B58}.Debug|Any CPU.Build.0 = Debug|Any CPU
		{4610181E-22EB-8152-B131-284172343B58}.Release|Any CPU.ActiveCfg = Release|Any CPU
		{4610181E-22EB-8152-B131-284172343B58}.Release|Any CPU.Build.0 = Release|Any CPU
	EndGlobalSection
	GlobalSection(SolutionProperties) = preSolution
		HideSolutionNode = FALSE
	EndGlobalSection
	GlobalSection(ExtensibilityGlobals) = postSolution
		SolutionGuid = {5700B3E0-2DD5-4A75-99FE-39DDFC6E5160}
	EndGlobalSection
EndGlobal
